{
  "name": "alu-database-project",
  "lockfileVersion": 3,
  "requires": true,
  "packages": {
    "": {
      "dependencies": {
        "mysql-server": "^1.0.5"
      }
    },
    "node_modules/@sailshq/lodash": {
      "version": "3.10.7",
      "resolved": "https://registry.npmjs.org/@sailshq/lodash/-/lodash-3.10.7.tgz",
      "integrity": "sha512-6Vi9xMlR8PbPeoDKjJHUVIhqeE8vz9Jjm/r3nZI7DI+cjtjHmlsjvAprXJy8hauCGxB5HqOBtpjWukOeId6WRw==",
      "license": "MIT"
    },
    "node_modules/archiver": {
      "version": "0.14.4",
      "resolved": "https://registry.npmjs.org/archiver/-/archiver-0.14.4.tgz",
      "integrity": "sha512-Ti9FxDEwyJocNa4RbIg/aJQjSJ6BSUBIzXM+h5wV+krl0205r6FbL/QLIZ0h84G4FUoO6JWXaTH3y4kL9r6lJw==",
      "license": "MIT",
      "dependencies": {
        "async": "~0.9.0",
        "buffer-crc32": "~0.2.1",
        "glob": "~4.3.0",
        "lazystream": "~0.1.0",
        "lodash": "~3.2.0",
        "readable-stream": "~1.0.26",
        "tar-stream": "~1.1.0",
        "zip-stream": "~0.5.0"
      },
      "engines": {
        "node": ">= 0.10.0"
      }
    },
    "node_modules/archiver/node_modules/lodash": {
      "version": "3.2.0",
      "resolved": "https://registry.npmjs.org/lodash/-/lodash-3.2.0.tgz",
      "integrity": "sha512-pg876Sz2B6iut18K5PlFGZUxagOP9LACajQ4nzQHPZ8JcU15tviPV6q/u/dEQMV64TzKu8yJM3NprFxqRb3oHA==",
      "license": "MIT"
    },
    "node_modules/async": {
      "version": "0.9.2",
      "resolved": "https://registry.npmjs.org/async/-/async-0.9.2.tgz",
      "integrity": "sha512-l6ToIJIotphWahxxHyzK9bnLR6kM4jJIIgLShZeqLY7iboHoGkdgFl7W2/Ivi4SkMJYGKqW8vSuk0uKUj6qsSw==",
      "license": "MIT"
    },
    "node_modules/balanced-match": {
      "version": "1.0.2",
      "resolved": "https://registry.npmjs.org/balanced-match/-/balanced-match-1.0.2.tgz",
      "integrity": "sha512-3oSeUO0TMV67hN1AmbXsK4yaqU7tjiHlbxRDZOpH0KW9+CeX4bRAaX0Anxt0tx2MrpRpWwQaPwIlISEJhYU5Pw==",
      "license": "MIT"
    },
    "node_modules/binary": {
      "version": "0.3.0",
      "resolved": "https://registry.npmjs.org/binary/-/binary-0.3.0.tgz",
      "integrity": "sha512-D4H1y5KYwpJgK8wk1Cue5LLPgmwHKYSChkbspQg5JtVuR5ulGckxfR62H3AE9UDkdMC8yyXlqYihuz3Aqg2XZg==",
      "license": "MIT",
      "dependencies": {
        "buffers": "~0.1.1",
        "chainsaw": "~0.1.0"
      },
      "engines": {
        "node": "*"
      }
    },
    "node_modules/bl": {
      "version": "0.9.5",
      "resolved": "https://registry.npmjs.org/bl/-/bl-0.9.5.tgz",
      "integrity": "sha512-njlCs8XLBIK7LCChTWfzWuIAxkpmmLXcL7/igCofFT1B039Sz0IPnAmosN5QaO22lU4qr8LcUz2ojUlE6pLkRQ==",
      "license": "MIT",
      "dependencies": {
        "readable-stream": "~1.0.26"
      }
    },
    "node_modules/brace-expansion": {
      "version": "1.1.16",
      "resolved": "https://registry.npmjs.org/brace-expansion/-/brace-expansion-1.1.16.tgz",
      "integrity": "sha512-IDw48K2/2kRkg9LdJxurvq3lV3aBgq0REY89duEqFRthjlPdXHKMj7EnQOXVckxzgisinf3nHfrcE2FufFLXMw==",
      "license": "MIT",
      "dependencies": {
        "balanced-match": "^1.0.0",
        "concat-map": "0.0.1"
      }
    },
    "node_modules/buffer-crc32": {
      "version": "0.2.13",
      "resolved": "https://registry.npmjs.org/buffer-crc32/-/buffer-crc32-0.2.13.tgz",
      "integrity": "sha512-VO9Ht/+p3SN7SKWqcrgEzjGbRSJYTx+Q1pTQC0wrWqHx0vpJraQ6GtHx8tvcg1rlK1byhU5gccxgOgj7B0TDkQ==",
      "license": "MIT",
      "engines": {
        "node": "*"
      }
    },
    "node_modules/buffers": {
      "version": "0.1.1",
      "resolved": "https://registry.npmjs.org/buffers/-/buffers-0.1.1.tgz",
      "integrity": "sha512-9q/rDEGSb/Qsvv2qvzIzdluL5k7AaJOTrw23z9reQthrbF7is4CtlT0DXyO1oei2DCp4uojjzQ7igaSHp1kAEQ==",
      "engines": {
        "node": ">=0.2.0"
      }
    },
    "node_modules/chainsaw": {
      "version": "0.1.0",
      "resolved": "https://registry.npmjs.org/chainsaw/-/chainsaw-0.1.0.tgz",
      "integrity": "sha512-75kWfWt6MEKNC8xYXIdRpDehRYY/tNSgwKaJq+dbbDcxORuVrrQ+SEHoWsniVn9XPYfP4gmdWIeDk/4YNp1rNQ==",
      "license": "MIT/X11",
      "dependencies": {
        "traverse": ">=0.3.0 <0.4"
      },
      "engines": {
        "node": "*"
      }
    },
    "node_modules/compress-commons": {
      "version": "0.2.9",
      "resolved": "https://registry.npmjs.org/compress-commons/-/compress-commons-0.2.9.tgz",
      "integrity": "sha512-Q+fB/YztsPFUK0GjtWIDamac9XFrlIU23PVjpgp+Fa7g05F6mq4J43mg3EZDFhe+DjnmF/jZS7S3kmLaIRhPBA==",
      "license": "MIT",
      "dependencies": {
        "buffer-crc32": "~0.2.1",
        "crc32-stream": "~0.3.1",
        "node-int64": "~0.3.0",
        "readable-stream": "~1.0.26"
      },
      "engines": {
        "node": ">= 0.8.0"
      }
    },
    "node_modules/concat-map": {
      "version": "0.0.1",
      "resolved": "https://registry.npmjs.org/concat-map/-/concat-map-0.0.1.tgz",
      "integrity": "sha512-/Srv4dswyQNBfohGpz9o6Yb3Gz3SrUDqBH5rTuhGR7ahtlbYKnVxw2bCFMRljaA7EXHaXZ8wsHdodFvbkhKmqg==",
      "license": "MIT"
    },
    "node_modules/convert-to-ecmascript-compatible-varname": {
      "version": "0.1.5",
      "resolved": "https://registry.npmjs.org/convert-to-ecmascript-compatible-varname/-/convert-to-ecmascript-compatible-varname-0.1.5.tgz",
      "integrity": "sha512-9y8lkx3eFkNOvmbzIKj1WvRNHbtz89cCpSf6Glqhd8SRpHOgTYtGKm85DEy0mYJRiU7vfImcA1IWYNckoJj8vw==",
      "license": "MIT"
    },
    "node_modules/core-util-is": {
      "version": "1.0.3",
      "resolved": "https://registry.npmjs.org/core-util-is/-/core-util-is-1.0.3.tgz",
      "integrity": "sha512-ZQBvi1DcpJ4GDqanjucZ2Hj3wEO5pZDS89BWbkcrvdxksJorwUDDZamX9ldFkp9aw2lmBDLgkObEA4DWNJ9FYQ==",
      "license": "MIT"
    },
    "node_modules/crc32-stream": {
      "version": "0.3.4",
      "resolved": "https://registry.npmjs.org/crc32-stream/-/crc32-stream-0.3.4.tgz",
      "integrity": "sha512-6hJjO1uXTBSnY14XjxDmK3xm9AG8KjwjJAFkVfjcR2IMu/hGz73e0KT2aEIhh9JR36jHUXuMv58xfNC8lwBJnQ==",
      "license": "MIT",
      "dependencies": {
        "buffer-crc32": "~0.2.1",
        "readable-stream": "~1.0.24"
      },
      "engines": {
        "node": ">= 0.8.0"
      }
    },
    "node_modules/debug": {
      "version": "2.6.9",
      "resolved": "https://registry.npmjs.org/debug/-/debug-2.6.9.tgz",
      "integrity": "sha512-bC7ElrdJaJnPbAP+1EotYvqZsb3ecl5wi6Bfi6BJTUcNowp6cvspg0jXznRTKDjm/E7AdgFBVeAPVMNcKGsHMA==",
      "license": "MIT",
      "dependencies": {
        "ms": "2.0.0"
      }
    },
    "node_modules/end-of-stream": {
      "version": "1.4.5",
      "resolved": "https://registry.npmjs.org/end-of-stream/-/end-of-stream-1.4.5.tgz",
      "integrity": "sha512-ooEGc6HP26xXq/N+GCGOT0JKCLDGrq2bQUZrQ7gyrJiZANJ/8YDTxTpQBXGMn+WbIQXNVpyWymm7KYVICQnyOg==",
      "license": "MIT",
      "dependencies": {
        "once": "^1.4.0"
      }
    },
    "node_modules/fs-extra": {
      "version": "0.10.0",
      "resolved": "https://registry.npmjs.org/fs-extra/-/fs-extra-0.10.0.tgz",
      "integrity": "sha512-jaIHyMh8Vr7kbIVjLAFhI9BAvKckNU9uRXBt45OEUx8CTG2GjzOh5vWxxIQ5e2UK1kI4Jsm9DmqOf3IceaEvWg==",
      "dependencies": {
        "jsonfile": "^1.2.0",
        "mkdirp": "^0.5.0",
        "ncp": "^0.5.1",
        "rimraf": "^2.2.8"
      }
    },
    "node_modules/fs.realpath": {
      "version": "1.0.0",
      "resolved": "https://registry.npmjs.org/fs.realpath/-/fs.realpath-1.0.0.tgz",
      "integrity": "sha512-OO0pH2lK6a0hZnAdau5ItzHPI6pUlvI7jMVnxUQRtw4owF2wk8lOSabtGDCTP4Ggrg2MbGnWO9X8K1t4+fGMDw==",
      "license": "ISC"
    },
    "node_modules/fstream": {
      "version": "0.1.31",
      "resolved": "https://registry.npmjs.org/fstream/-/fstream-0.1.31.tgz",
      "integrity": "sha512-N1pLGEHoDyCoI8uMmPXJXhn238L4nk41iipXCrqs4Ss0ooYSr5sNj2ucMo5AqJVC4OaOa7IztpBhOaaYTGZVuA==",
      "deprecated": "This package is no longer supported.",
      "license": "BSD",
      "dependencies": {
        "graceful-fs": "~3.0.2",
        "inherits": "~2.0.0",
        "mkdirp": "0.5",
        "rimraf": "2"
      },
      "engines": {
        "node": ">=0.6"
      }
    },
    "node_modules/glob": {
      "version": "4.3.5",
      "resolved": "https://registry.npmjs.org/glob/-/glob-4.3.5.tgz",
      "integrity": "sha512-kOq1ncUyUvkZdl7BgKa3n6zAOiN05pzleOxESuc8bFoXKRhYsrZM6z79O5DKe9JGChHhSZloUsD/hZrUXByxgQ==",
      "deprecated": "Old versions of glob are not supported, and contain widely publicized security vulnerabilities, which have been fixed in the current version. Please update. Support for old versions may be purchased (at exorbitant rates) by contacting i@izs.me",
      "license": "ISC",
      "dependencies": {
        "inflight": "^1.0.4",
        "inherits": "2",
        "minimatch": "^2.0.1",
        "once": "^1.3.0"
      },
      "engines": {
        "node": "*"
      }
    },
    "node_modules/graceful-fs": {
      "version": "3.0.12",
      "resolved": "https://registry.npmjs.org/graceful-fs/-/graceful-fs-3.0.12.tgz",
      "integrity": "sha512-J55gaCS4iTTJfTXIxSVw3EMQckcqkpdRv3IR7gu6sq0+tbC363Zx6KH/SEwXASK9JRbhyZmVjJEVJIOxYsB3Qg==",
      "license": "ISC",
      "dependencies": {
        "natives": "^1.1.3"
      },
      "engines": {
        "node": ">=0.4.0"
      }
    },
    "node_modules/hat": {
      "version": "0.0.3",
      "resolved": "https://registry.npmjs.org/hat/-/hat-0.0.3.tgz",
      "integrity": "sha512-zpImx2GoKXy42fVDSEad2BPKuSQdLcqsCYa48K3zHSzM/ugWuYjLDr8IXxpVuL7uCLHw56eaiLxCRthhOzf5ug==",
      "license": "MIT/X11",
      "engines": {
        "node": "*"
      }
    },
    "node_modules/inflight": {
      "version": "1.0.6",
      "resolved": "https://registry.npmjs.org/inflight/-/inflight-1.0.6.tgz",
      "integrity": "sha512-k92I/b08q4wvFscXCLvqfsHCrjrF7yiXsQuIVvVE7N82W3+aqpzuUdBbfhWcy/FZR3/4IgflMgKLOsvPDrGCJA==",
      "deprecated": "This module is not supported, and leaks memory. Do not use it. Check out lru-cache if you want a good and tested way to coalesce async requests by a key value, which is much more comprehensive and powerful.",
      "license": "ISC",
      "dependencies": {
        "once": "^1.3.0",
        "wrappy": "1"
      }
    },
    "node_modules/inherits": {
      "version": "2.0.4",
      "resolved": "https://registry.npmjs.org/inherits/-/inherits-2.0.4.tgz",
      "integrity": "sha512-k/vGaX4/Yla3WzyMCvTQOXYeIHvqOKtnqBduzTHpzpQZzAskKMhZ2K+EnBiSM9zGSoIFeMpXKxa4dYeZIQqewQ==",
      "license": "ISC"
    },
    "node_modules/isarray": {
      "version": "0.0.1",
      "resolved": "https://registry.npmjs.org/isarray/-/isarray-0.0.1.tgz",
      "integrity": "sha512-D2S+3GLxWH+uhrNEcoh/fnmYeP8E8/zHl644d/jdA0g2uyXvy3sb0qxotE+ne0LtccHknQzWwZEzhak7oJ0COQ==",
      "license": "MIT"
    },
    "node_modules/jsonfile": {
      "version": "1.2.0",
      "resolved": "https://registry.npmjs.org/jsonfile/-/jsonfile-1.2.0.tgz",
      "integrity": "sha512-9Re1pI74qhRL7j94lp/Y69OqCR+XkEMvjunFo70Dcr6kT5vmRcfyfdyZrxmm7j6yLySBRVooiUy32FvI4lcNTg=="
    },
    "node_modules/lazystream": {
      "version": "0.1.0",
      "resolved": "https://registry.npmjs.org/lazystream/-/lazystream-0.1.0.tgz",
      "integrity": "sha512-4CsO3TC1MtG8s7pCxvwn6oK0MhMbJ3iqOqgYNbfEkTl8EavjlAVL+1m3iGErKifc1M0+WJkKcI7wuqhsYmfYtw==",
      "dependencies": {
        "readable-stream": "~1.0.2"
      },
      "engines": {
        "node": ">= 0.6.3"
      }
    },
    "node_modules/lodash": {
      "version": "3.10.1",
      "resolved": "https://registry.npmjs.org/lodash/-/lodash-3.10.1.tgz",
      "integrity": "sha512-9mDDwqVIma6OZX79ZlDACZl8sBm0TEnkf99zV3iMA4GzkIT/9hiqP5mY0HoT1iNLCrKc/R1HByV+yJfRWVJryQ==",
      "license": "MIT"
    },
    "node_modules/machine": {
      "version": "10.4.0",
      "resolved": "https://registry.npmjs.org/machine/-/machine-10.4.0.tgz",
      "integrity": "sha512-HwgVyl2ZQLW6lNsWxqSja0e4sc6XmO+m3MKucN4QHIEwNEC3O7+7jXPkzW5pBloWpTDIGWLA7ZafXEvV4VBDOQ==",
      "license": "MIT",
      "dependencies": {
        "convert-to-ecmascript-compatible-varname": "^0.1.0",
        "debug": "^2.1.1",
        "lodash": "^3.8.0",
        "object-hash": "~0.3.0",
        "rttc": "^7.2.1",
        "switchback": "^2.0.0"
      },
      "engines": {
        "node": ">= 0.10.0",
        "npm": ">= 1.4.0"
      }
    },
    "node_modules/machinepack-fs": {
      "version": "2.3.0",
      "resolved": "https://registry.npmjs.org/machinepack-fs/-/machinepack-fs-2.3.0.tgz",
      "integrity": "sha512-7H2fs7pQyE6qV2JLVbHTANGZPRgbKrmoSbcYBHkMcnd4TXDKFKg+LzPylCSZvivcHE52Oe5d9nhoYcEA/Hc+Fw==",
      "license": "MIT",
      "dependencies": {
        "async": "^0.9.0",
        "fs-extra": "~0.10.0",
        "lodash": "^2.4.1",
        "machine": "^4.0.0",
        "machinepack-util": "^0.7.0",
        "walker": "~1.0.6"
      }
    },
    "node_modules/machinepack-fs/node_modules/lodash": {
      "version": "2.4.2",
      "resolved": "https://registry.npmjs.org/lodash/-/lodash-2.4.2.tgz",
      "integrity": "sha512-Kak1hi6/hYHGVPmdyiZijoQyz5x2iGVzs6w9GYB/HiXEtylY7tIoYEROMjvM1d9nXJqPOrG2MNPMn01bJ+S0Rw==",
      "engines": [
        "node",
        "rhino"
      ],
      "license": "MIT"
    },
    "node_modules/machinepack-fs/node_modules/machine": {
      "version": "4.1.1",
      "resolved": "https://registry.npmjs.org/machine/-/machine-4.1.1.tgz",
      "integrity": "sha512-lD4/EUGiOx2xzZgHclWC9ZFRIu2ffKoMw8NPDE9SaGUHzqb2ceFIxIhJzlatyZv1FU/jueaIv7yq2iNtXgod5A==",
      "license": "MIT",
      "dependencies": {
        "convert-to-ecmascript-compatible-varname": "^0.1.0",
        "debug": "^2.1.1",
        "lodash": "~2.4.1",
        "object-hash": "~0.3.0",
        "rttc": "^1.0.2",
        "switchback": "^1.1.3"
      },
      "engines": {
        "node": ">= 0.10.0",
        "npm": ">= 1.4.0"
      }
    },
    "node_modules/machinepack-fs/node_modules/rttc": {
      "version": "1.0.2",
      "resolved": "https://registry.npmjs.org/rttc/-/rttc-1.0.2.tgz",
      "integrity": "sha512-QoTpvlBSftvxX0bm1p8J2gvC97rWfVoaPFc60T9Q6ulM7P0u6/Oaplt/mxgNxsr/fmxxQE8TewVK+JKdGtseGQ==",
      "license": "MIT",
      "dependencies": {
        "lodash": "~2.4.1"
      },
      "engines": {
        "node": ">= 0.10.0",
        "npm": ">= 1.4.0"
      }
    },
    "node_modules/machinepack-fs/node_modules/switchback": {
      "version": "1.1.3",
      "resolved": "https://registry.npmjs.org/switchback/-/switchback-1.1.3.tgz",
      "integrity": "sha512-S6p+f2OXd6LlMfnlPfK6Ka8n7VZFW2sCU8zHAFaAf0GR3JCdQnONUeB8MwaeXABG+RknIt1qY2SnAzYbEHb7Mw==",
      "license": "MIT",
      "dependencies": {
        "lodash": "~2.4.1"
      }
    },
    "node_modules/machinepack-util": {
      "version": "0.7.24",
      "resolved": "https://registry.npmjs.org/machinepack-util/-/machinepack-util-0.7.24.tgz",
      "integrity": "sha512-J4gbA9tmpCpWhJPM/b7tGEyR0Nw5HGgEbKKAtxH7D2/mEXAInvdc0mUnGdcSv0OjgzhSFJmc8Cc4Il7Vox3/mg==",
      "license": "MIT",
      "dependencies": {
        "hat": "0.0.3",
        "lodash": "^2.4.1",
        "machine": "^2.0.4"
      }
    },
    "node_modules/machinepack-util/node_modules/lodash": {
      "version": "2.4.2",
      "resolved": "https://registry.npmjs.org/lodash/-/lodash-2.4.2.tgz",
      "integrity": "sha512-Kak1hi6/hYHGVPmdyiZijoQyz5x2iGVzs6w9GYB/HiXEtylY7tIoYEROMjvM1d9nXJqPOrG2MNPMn01bJ+S0Rw==",
      "engines": [
        "node",
        "rhino"
      ],
      "license": "MIT"
    },
    "node_modules/machinepack-util/node_modules/machine": {
      "version": "2.0.6",
      "resolved": "https://registry.npmjs.org/machine/-/machine-2.0.6.tgz",
      "integrity": "sha512-Fd3t5fOBWPzFd+fLYXFylyzTAB15Aai9s7DL72LHagu0eTJCEZXSPEYHXx2mdYtoE3RSnN+CUlydfSEKKk6D6Q==",
      "license": "MIT",
      "dependencies": {
        "convert-to-ecmascript-compatible-varname": "^0.1.0",
        "debug": "^2.1.1",
        "lodash": "~2.4.1",
        "object-hash": "~0.3.0",
        "rttc": "^1.0.0",
        "switchback": "~1.1.0"
      },
      "engines": {
        "node": ">= 0.10.0",
        "npm": ">= 1.4.0"
      }
    },
    "node_modules/machinepack-util/node_modules/rttc": {
      "version": "1.0.2",
      "resolved": "https://registry.npmjs.org/rttc/-/rttc-1.0.2.tgz",
      "integrity": "sha512-QoTpvlBSftvxX0bm1p8J2gvC97rWfVoaPFc60T9Q6ulM7P0u6/Oaplt/mxgNxsr/fmxxQE8TewVK+JKdGtseGQ==",
      "license": "MIT",
      "dependencies": {
        "lodash": "~2.4.1"
      },
      "engines": {
        "node": ">= 0.10.0",
        "npm": ">= 1.4.0"
      }
    },
    "node_modules/machinepack-util/node_modules/switchback": {
      "version": "1.1.3",
      "resolved": "https://registry.npmjs.org/switchback/-/switchback-1.1.3.tgz",
      "integrity": "sha512-S6p+f2OXd6LlMfnlPfK6Ka8n7VZFW2sCU8zHAFaAf0GR3JCdQnONUeB8MwaeXABG+RknIt1qY2SnAzYbEHb7Mw==",
      "license": "MIT",
      "dependencies": {
        "lodash": "~2.4.1"
      }
    },
    "node_modules/machinepack-zip": {
      "version": "1.1.0",
      "resolved": "https://registry.npmjs.org/machinepack-zip/-/machinepack-zip-1.1.0.tgz",
      "integrity": "sha512-23SmDdmtuRdyo9JATenIJL+cTZm+wt7J4dm7bS+1DwJWvtlwinLa171QoSRZQwZZOnqN1GvpGrSIn+p7q+Fliw==",
      "license": "MIT",
      "dependencies": {
        "archiver": "^0.14.2",
        "lodash": "^3.2.0",
        "machine": "^10.3.1",
        "machinepack-fs": "^2.1.0",
        "unzip": "^0.1.11"
      }
    },
    "node_modules/makeerror": {
      "version": "1.0.12",
      "resolved": "https://registry.npmjs.org/makeerror/-/makeerror-1.0.12.tgz",
      "integrity": "sha512-JmqCvUhmt43madlpFzG4BQzG2Z3m6tvQDNKdClZnO3VbIudJYmxsT0FNJMeiB2+JTSlTQTSbU8QdesVmwJcmLg==",
      "license": "BSD-3-Clause",
      "dependencies": {
        "tmpl": "1.0.5"
      }
    },
    "node_modules/match-stream": {
      "version": "0.0.2",
      "resolved": "https://registry.npmjs.org/match-stream/-/match-stream-0.0.2.tgz",
      "integrity": "sha512-TbN21KrvmZ4mHzKqSFeNNNYeOGNNoEE0sQjhOGlHc+W6XhV4nEhJqaQTJj106NF+NYjyJ7pXh23+OQ1d306ORw==",
      "license": "MIT",
      "dependencies": {
        "buffers": "~0.1.1",
        "readable-stream": "~1.0.0"
      }
    },
    "node_modules/minimatch": {
      "version": "2.0.10",
      "resolved": "https://registry.npmjs.org/minimatch/-/minimatch-2.0.10.tgz",
      "integrity": "sha512-jQo6o1qSVLEWaw3l+bwYA2X0uLuK2KjNh2wjgO7Q/9UJnXr1Q3yQKR8BI0/Bt/rPg75e6SMW4hW/6cBHVTZUjA==",
      "deprecated": "Please update to minimatch 3.0.2 or higher to avoid a RegExp DoS issue",
      "license": "ISC",
      "dependencies": {
        "brace-expansion": "^1.0.0"
      },
      "engines": {
        "node": "*"
      }
    },
    "node_modules/minimist": {
      "version": "1.2.8",
      "resolved": "https://registry.npmjs.org/minimist/-/minimist-1.2.8.tgz",
      "integrity": "sha512-2yyAR8qBkN3YuheJanUpWC5U3bb5osDywNB8RzDVlDwDHbocAJveqqj1u8+SVD7jkWT4yvsHCpWqqWqAxb0zCA==",
      "license": "MIT",
      "funding": {
        "url": "https://github.com/sponsors/ljharb"
      }
    },
    "node_modules/mkdirp": {
      "version": "0.5.6",
      "resolved": "https://registry.npmjs.org/mkdirp/-/mkdirp-0.5.6.tgz",
      "integrity": "sha512-FP+p8RB8OWpF3YZBCrP5gtADmtXApB5AMLn+vdyA+PyxCjrCs00mjyUozssO33cwDeT3wNGdLxJ5M//YqtHAJw==",
      "license": "MIT",
      "dependencies": {
        "minimist": "^1.2.6"
      },
      "bin": {
        "mkdirp": "bin/cmd.js"
      }
    },
    "node_modules/ms": {
      "version": "2.0.0",
      "resolved": "https://registry.npmjs.org/ms/-/ms-2.0.0.tgz",
      "integrity": "sha512-Tpp60P6IUJDTuOq/5Z8cdskzJujfwqfOTkrwIwj7IRISpnkJnT6SyJ4PCPnGMoFjC9ddhal5KVIYtAt97ix05A==",
      "license": "MIT"
    },
    "node_modules/mysql-server": {
      "version": "1.0.5",
      "resolved": "https://registry.npmjs.org/mysql-server/-/mysql-server-1.0.5.tgz",
      "integrity": "sha512-NHFs4f7W9SsWWH5ItAMxqMka0QWoClteKduzygIb+C0cx1VKyCqUcp+FHiyw9XS/t1PSSK8bqKbH56hBvdKZPQ==",
      "license": "MIT",
      "dependencies": {
        "machinepack-zip": "^1.1.0"
      }
    },
    "node_modules/natives": {
      "version": "1.1.6",
      "resolved": "https://registry.npmjs.org/natives/-/natives-1.1.6.tgz",
      "integrity": "sha512-6+TDFewD4yxY14ptjKaS63GVdtKiES1pTPyxn9Jb0rBqPMZ7VcCiooEhPNsr+mqHtMGxa/5c/HhcC4uPEUw/nA==",
      "deprecated": "This module relies on Node.js's internals and will break at some point. Do not use it, and update to graceful-fs@4.x.",
      "license": "ISC"
    },
    "node_modules/ncp": {
      "version": "0.5.1",
      "resolved": "https://registry.npmjs.org/ncp/-/ncp-0.5.1.tgz",
      "integrity": "sha512-l+pJxuLlzwp11Dy72MJgCPNwIbXdv6imaACLiEMb2TIDyr54qz+nAZeD5qDlJefveaJ+R9Ug6KuozCxRpQXO0Q==",
      "license": "MIT",
      "bin": {
        "ncp": "bin/ncp"
      }
    },
    "node_modules/node-int64": {
      "version": "0.3.3",
      "resolved": "https://registry.npmjs.org/node-int64/-/node-int64-0.3.3.tgz",
      "integrity": "sha512-bLdNOp5SYyqfDz/ssGHt2OTg8u+jEkCx4EoZIzprqeonFIUhlSBrKu40e/x6hIFYJx4ZEt64/9IZJyafvhGZrw==",
      "license": "MIT"
    },
    "node_modules/object-hash": {
      "version": "0.3.0",
      "resolved": "https://registry.npmjs.org/object-hash/-/object-hash-0.3.0.tgz",
      "integrity": "sha512-svS23O+dr8NzMMAx90mLwft5LMhqDujSqZ2yHN07Skh2Urdmk5dnoUuqn4/MWrxlD/QvYnY3MRMvxTt7PKc+Wg==",
      "license": "MIT",
      "engines": {
        "node": ">= 0.8.0"
      }
    },
    "node_modules/once": {
      "version": "1.4.0",
      "resolved": "https://registry.npmjs.org/once/-/once-1.4.0.tgz",
      "integrity": "sha512-lNaJgI+2Q5URQBkccEKHTQOPaXdUxnZZElQTZY0MFUAuaEqe1E+Nyvgdz/aIyNi6Z9MzO5dv1H8n58/GELp3+w==",
      "license": "ISC",
      "dependencies": {
        "wrappy": "1"
      }
    },
    "node_modules/over": {
      "version": "0.0.5",
      "resolved": "https://registry.npmjs.org/over/-/over-0.0.5.tgz",
      "integrity": "sha512-EEc3GCT5ce2VgLYKGeomTSgQT+4wkS13Ya9XzKiskHtemWPx0YhVErn7PtiowTOsYtRlFe6FksgwFeWG1aOJdg==",
      "license": "MIT",
      "engines": {
        "node": "*"
      }
    },
    "node_modules/path-is-absolute": {
      "version": "1.0.1",
      "resolved": "https://registry.npmjs.org/path-is-absolute/-/path-is-absolute-1.0.1.tgz",
      "integrity": "sha512-AVbw3UJ2e9bq64vSaS9Am0fje1Pa8pbGqTTsmXfaIiMpnr5DlDhfJOuLj9Sf95ZPVDAUerDfEk88MPmPe7UCQg==",
      "license": "MIT",
      "engines": {
        "node": ">=0.10.0"
      }
    },
    "node_modules/pullstream": {
      "version": "0.4.1",
      "resolved": "https://registry.npmjs.org/pullstream/-/pullstream-0.4.1.tgz",
      "integrity": "sha512-8ckaufxE74rtbwA0lD0GO2Pk/miCfje3uZtGZd/MQpxkoRIBB004aKBnhdc4Y8L7sip0cis/ekib/1lUwUwxuA==",
      "license": "MIT",
      "dependencies": {
        "over": ">= 0.0.5 < 1",
        "readable-stream": "~1.0.31",
        "setimmediate": ">= 1.0.2 < 2",
        "slice-stream": ">= 1.0.0 < 2"
      }
    },
    "node_modules/readable-stream": {
      "version": "1.0.34",
      "resolved": "https://registry.npmjs.org/readable-stream/-/readable-stream-1.0.34.tgz",
      "integrity": "sha512-ok1qVCJuRkNmvebYikljxJA/UEsKwLl2nI1OmaqAu4/UE+h0wKCHok4XkL/gvi39OacXvw59RJUOFUkDib2rHg==",
      "license": "MIT",
      "dependencies": {
        "core-util-is": "~1.0.0",
        "inherits": "~2.0.1",
        "isarray": "0.0.1",
        "string_decoder": "~0.10.x"
      }
    },
    "node_modules/rimraf": {
      "version": "2.7.1",
      "resolved": "https://registry.npmjs.org/rimraf/-/rimraf-2.7.1.tgz",
      "integrity": "sha512-uWjbaKIK3T1OSVptzX7Nl6PvQ3qAGtKEtVRjRuazjfL3Bx5eI409VZSqgND+4UNnmzLVdPj9FqFJNPqBZFve4w==",
      "deprecated": "Rimraf versions prior to v4 are no longer supported",
      "license": "ISC",
      "dependencies": {
        "glob": "^7.1.3"
      },
      "bin": {
        "rimraf": "bin.js"
      }
    },
    "node_modules/rimraf/node_modules/glob": {
      "version": "7.2.3",
      "resolved": "https://registry.npmjs.org/glob/-/glob-7.2.3.tgz",
      "integrity": "sha512-nFR0zLpU2YCaRxwoCJvL6UvCH2JFyFVIvwTLsIf21AuHlMskA1hhTdk+LlYJtOlYt9v6dvszD2BGRqBL+iQK9Q==",
      "deprecated": "Old versions of glob are not supported, and contain widely publicized security vulnerabilities, which have been fixed in the current version. Please update. Support for old versions may be purchased (at exorbitant rates) by contacting i@izs.me",
      "license": "ISC",
      "dependencies": {
        "fs.realpath": "^1.0.0",
        "inflight": "^1.0.4",
        "inherits": "2",
        "minimatch": "^3.1.1",
        "once": "^1.3.0",
        "path-is-absolute": "^1.0.0"
      },
      "engines": {
        "node": "*"
      },
      "funding": {
        "url": "https://github.com/sponsors/isaacs"
      }
    },
    "node_modules/rimraf/node_modules/minimatch": {
      "version": "3.1.5",
      "resolved": "https://registry.npmjs.org/minimatch/-/minimatch-3.1.5.tgz",
      "integrity": "sha512-VgjWUsnnT6n+NUk6eZq77zeFdpW2LWDzP6zFGrCbHXiYNul5Dzqk2HHQ5uFH2DNW5Xbp8+jVzaeNt94ssEEl4w==",
      "license": "ISC",
      "dependencies": {
        "brace-expansion": "^1.1.7"
      },
      "engines": {
        "node": "*"
      }
    },
    "node_modules/rttc": {
      "version": "7.4.0",
      "resolved": "https://registry.npmjs.org/rttc/-/rttc-7.4.0.tgz",
      "integrity": "sha512-IcG+W2xwl+Ywsupu1ytLTtgnOz4PDOFJeTeSB2jG+xDTpBCFSf4tBGsS+VijwEJEXdJZ6+/3sYZuOv7KTX29Sw==",
      "license": "MIT",
      "dependencies": {
        "lodash": "^3.8.0"
      },
      "engines": {
        "node": ">= 0.10.0",
        "npm": ">= 1.4.0"
      }
    },
    "node_modules/setimmediate": {
      "version": "1.0.5",
      "resolved": "https://registry.npmjs.org/setimmediate/-/setimmediate-1.0.5.tgz",
      "integrity": "sha512-MATJdZp8sLqDl/68LfQmbP8zKPLQNV6BIZoIgrscFDQ+RsvK/BxeDQOgyxKKoh0y/8h3BqVFnCqQ/gd+reiIXA==",
      "license": "MIT"
    },
    "node_modules/slice-stream": {
      "version": "1.0.0",
      "resolved": "https://registry.npmjs.org/slice-stream/-/slice-stream-1.0.0.tgz",
      "integrity": "sha512-fJu1TYTr85OZEkT4lqcCW6oPWPIS5omPnIsB/dL7QWo2sNk03VQ6did4plhh0y3Sf0nJlq5QEUR3vMYevydn7w==",
      "license": "MIT",
      "dependencies": {
        "readable-stream": "~1.0.31"
      }
    },
    "node_modules/string_decoder": {
      "version": "0.10.31",
      "resolved": "https://registry.npmjs.org/string_decoder/-/string_decoder-0.10.31.tgz",
      "integrity": "sha512-ev2QzSzWPYmy9GuqfIVildA4OdcGLeFZQrq5ys6RtiuF+RQQiZWr8TZNyAcuVXyQRYfEO+MsoB/1BuQVhOJuoQ==",
      "license": "MIT"
    },
    "node_modules/switchback": {
      "version": "2.0.5",
      "resolved": "https://registry.npmjs.org/switchback/-/switchback-2.0.5.tgz",
      "integrity": "sha512-w9gnsTxR5geOKt45QUryhDP9KTLcOAqje9usR2VQ2ng8DfhaF+mkIcArxioMP/p6Z/ecKE58i2/B0DDlMJK1jw==",
      "license": "MIT",
      "dependencies": {
        "@sailshq/lodash": "^3.10.3"
      }
    },
    "node_modules/tar-stream": {
      "version": "1.1.5",
      "resolved": "https://registry.npmjs.org/tar-stream/-/tar-stream-1.1.5.tgz",
      "integrity": "sha512-Rzjha52eroBb64qzIwG4Z7goRVD/GquOt0M6qHz7IYcvYYsm1v8JjaCCyJXIGu+rcENKvxTuihKP2svtPhMJKw==",
      "license": "MIT",
      "dependencies": {
        "bl": "^0.9.0",
        "end-of-stream": "^1.0.0",
        "readable-stream": "~1.0.33",
        "xtend": "^4.0.0"
      },
      "engines": {
        "node": ">= 0.8.0"
      }
    },
    "node_modules/tmpl": {
      "version": "1.0.5",
      "resolved": "https://registry.npmjs.org/tmpl/-/tmpl-1.0.5.tgz",
      "integrity": "sha512-3f0uOEAQwIqGuWW2MVzYg8fV/QNnc/IpuJNG837rLuczAaLVHslWHZQj4IGiEl5Hs3kkbhwL9Ab7Hrsmuj+Smw==",
      "license": "BSD-3-Clause"
    },
    "node_modules/traverse": {
      "version": "0.3.9",
      "resolved": "https://registry.npmjs.org/traverse/-/traverse-0.3.9.tgz",
      "integrity": "sha512-iawgk0hLP3SxGKDfnDJf8wTz4p2qImnyihM5Hh/sGvQ3K37dPi/w8sRhdNIxYA1TwFwc5mDhIJq+O0RsvXBKdQ==",
      "license": "MIT/X11",
      "engines": {
        "node": "*"
      }
    },
    "node_modules/unzip": {
      "version": "0.1.11",
      "resolved": "https://registry.npmjs.org/unzip/-/unzip-0.1.11.tgz",
      "integrity": "sha512-Dvxd7bj2RcfbM+AbNfx0Ufqvk7Kl4YGeAQlEGn9+glDQz1HFxeeRjBStxi/DfIvgutn6hbC4yMc1rEo3x+dmVQ==",
      "license": "MIT",
      "dependencies": {
        "binary": ">= 0.3.0 < 1",
        "fstream": ">= 0.1.30 < 1",
        "match-stream": ">= 0.0.2 < 1",
        "pullstream": ">= 0.4.1 < 1",
        "readable-stream": "~1.0.31",
        "setimmediate": ">= 1.0.1 < 2"
      }
    },
    "node_modules/walker": {
      "version": "1.0.8",
      "resolved": "https://registry.npmjs.org/walker/-/walker-1.0.8.tgz",
      "integrity": "sha512-ts/8E8l5b7kY0vlWLewOkDXMmPdLcVV4GmOQLyxuSswIJsweeFZtAsMF7k1Nszz+TYBQrlYRmzOnr398y1JemQ==",
      "license": "Apache-2.0",
      "dependencies": {
        "makeerror": "1.0.12"
      }
    },
    "node_modules/wrappy": {
      "version": "1.0.2",
      "resolved": "https://registry.npmjs.org/wrappy/-/wrappy-1.0.2.tgz",
      "integrity": "sha512-l4Sp/DRseor9wL6EvV2+TuQn63dMkPjZ/sp9XkghTEbV9KlPS1xUsZ3u7/IQO4wxtcFB4bgpQPRcR3QCvezPcQ==",
      "license": "ISC"
    },
    "node_modules/xtend": {
      "version": "4.0.2",
      "resolved": "https://registry.npmjs.org/xtend/-/xtend-4.0.2.tgz",
      "integrity": "sha512-LKYU1iAXJXUgAXn9URjiu+MWhyUXHsvfp7mcuYm9dSUKK0/CjtrUwFAxD82/mCWbtLsGjFIad0wIsod4zrTAEQ==",
      "license": "MIT",
      "engines": {
        "node": ">=0.4"
      }
    },
    "node_modules/zip-stream": {
      "version": "0.5.2",
      "resolved": "https://registry.npmjs.org/zip-stream/-/zip-stream-0.5.2.tgz",
      "integrity": "sha512-cmTLLn+kgmAabL0sXKFDHh6ARY2mpm8X52iIMvOKqSHXKS4fsht9/axUdJYp55V7qRgZ8jfvzZdo6oV00uZ08w==",
      "license": "MIT",
      "dependencies": {
        "compress-commons": "~0.2.0",
        "lodash": "~3.2.0",
        "readable-stream": "~1.0.26"
      },
      "engines": {
        "node": ">= 0.8.0"
      }
    },
    "node_modules/zip-stream/node_modules/lodash": {
      "version": "3.2.0",
      "resolved": "https://registry.npmjs.org/lodash/-/lodash-3.2.0.tgz",
      "integrity": "sha512-pg876Sz2B6iut18K5PlFGZUxagOP9LACajQ4nzQHPZ8JcU15tviPV6q/u/dEQMV64TzKu8yJM3NprFxqRb3oHA==",
      "license": "MIT"
    }
  }
}
